
Microsoft Visual Studio Solution File, Format Version 12.00
# Visual Studio Version 17
VisualStudioVersion = 17.13.35825.156 d17.13
MinimumVisualStudioVersion = 10.0.40219.1
Project("{FAE04EC0-301F-11D3-BF4B-00C04F79EFBC}") = "QuizGameProject", "QuizGameProject.csproj", "{8C3B5A97-9F84-4272-93AD-E3DFFA31C596}"
EndProject
Global
	GlobalSection(SolutionConfigurationPlatforms) = preSolution
		Debug|Any CPU = Debug|Any CPU
		Release|Any CPU = Release|Any CPU
	EndGlobalSection
	GlobalSection(ProjectConfigurationPlatforms) = postSolution
		{8C3B5A97-9F84-4272-93AD-E3DFFA31C596}.Debug|Any CPU.ActiveCfg = Debug|Any CPU
		{8C3B5A97-9F84-4272-93AD-E3DFFA31C596}.Debug|Any CPU.Build.0 = Debug|Any CPU
		{8C3B5A97-9F84-4272-93AD-E3DFFA31C596}.Release|Any CPU.ActiveCfg = Release|Any CPU
		{8C3B5A97-9F84-4272-93AD-E3DFFA31C596}.Release|Any CPU.Build.0 = Release|Any CPU
	EndGlobalSection
	GlobalSection(SolutionProperties) = preSolution
		HideSolutionNode = FALSE
	EndGlobalSection
	GlobalSection(ExtensibilityGlobals) = postSolution
		SolutionGuid = {C7A0137B-B04E-4F38-87C7-990C3DCB1AB3}
	EndGlobalSection
EndGlobal
